
Microsoft Visual Studio Solution File, Format Version 12.00
# Visual Studio Version 17
VisualStudioVersion = 17.6.33829.357
MinimumVisualStudioVersion = 10.0.40219.1
Project("{9A19103F-16F7-4668-BE54-9A1E7A4F7556}") = "Lab3", "Lab3\Lab3.csproj", "{EDE85F67-4ADF-434A-B4D2-0DA0FE29EED5}"
EndProject
Project("{FAE04EC0-301F-11D3-BF4B-00C04F79EFBC}") = "lab.infrostructure", "lab.infrostructure\lab.infrostructure.csproj", "{21586DC8-87D6-44D9-B0C0-E85E4C75D547}"
EndProject
Project("{FAE04EC0-301F-11D3-BF4B-00C04F79EFBC}") = "lab.domain", "lab.domain\lab.domain.csproj", "{6E9CB60C-B233-43B3-80D8-900A43E58CD8}"
EndProject
Global
	GlobalSection(SolutionConfigurationPlatforms) = preSolution
		Debug|Any CPU = Debug|Any CPU
		Release|Any CPU = Release|Any CPU
	EndGlobalSection
	GlobalSection(ProjectConfigurationPlatforms) = postSolution
		{EDE85F67-4ADF-434A-B4D2-0DA0FE29EED5}.Debug|Any CPU.ActiveCfg = Debug|Any CPU
		{EDE85F67-4ADF-434A-B4D2-0DA0FE29EED5}.Debug|Any CPU.Build.0 = Debug|Any CPU
		{EDE85F67-4ADF-434A-B4D2-0DA0FE29EED5}.Release|Any CPU.ActiveCfg = Release|Any CPU
		{EDE85F67-4ADF-434A-B4D2-0DA0FE29EED5}.Release|Any CPU.Build.0 = Release|Any CPU
		{21586DC8-87D6-44D9-B0C0-E85E4C75D547}.Debug|Any CPU.ActiveCfg = Debug|Any CPU
		{21586DC8-87D6-44D9-B0C0-E85E4C75D547}.Debug|Any CPU.Build.0 = Debug|Any CPU
		{21586DC8-87D6-44D9-B0C0-E85E4C75D547}.Release|Any CPU.ActiveCfg = Release|Any CPU
		{21586DC8-87D6-44D9-B0C0-E85E4C75D547}.Release|Any CPU.Build.0 = Release|Any CPU
		{6E9CB60C-B233-43B3-80D8-900A43E58CD8}.Debug|Any CPU.ActiveCfg = Debug|Any CPU
		{6E9CB60C-B233-43B3-80D8-900A43E58CD8}.Debug|Any CPU.Build.0 = Debug|Any CPU
		{6E9CB60C-B233-43B3-80D8-900A43E58CD8}.Release|Any CPU.ActiveCfg = Release|Any CPU
		{6E9CB60C-B233-43B3-80D8-900A43E58CD8}.Release|Any CPU.Build.0 = Release|Any CPU
	EndGlobalSection
	GlobalSection(SolutionProperties) = preSolution
		HideSolutionNode = FALSE
	EndGlobalSection
	GlobalSection(ExtensibilityGlobals) = postSolution
		SolutionGuid = {DAC539A9-C3B9-42C6-AB23-3D3B09036227}
	EndGlobalSection
EndGlobal
